
Microsoft Visual Studio Solution File, Format Version 12.00
# Visual Studio Version 16
VisualStudioVersion = 16.0.30002.166
MinimumVisualStudioVersion = 10.0.40219.1
Project("{FAE04EC0-301F-11D3-BF4B-00C04F79EFBC}") = "DataAccess", "Dataa\DataAccess.csproj", "{91D48678-358A-478C-9B3E-C50453C9049F}"
EndProject
Project("{FAE04EC0-301F-11D3-BF4B-00C04F79EFBC}") = "Business", "Business\Business.csproj", "{19820BEE-1188-489B-A52C-ECEB2599F532}"
EndProject
Project("{FAE04EC0-301F-11D3-BF4B-00C04F79EFBC}") = "Entities", "Entities\Entities.csproj", "{179299D4-A871-48DB-8D23-D55335CA918D}"
EndProject
Project("{FAE04EC0-301F-11D3-BF4B-00C04F79EFBC}") = "WebAPI", "WebAPI\WebAPI.csproj", "{D817AADE-4255-437A-9BD2-E9D217F49FC1}"
EndProject
Project("{FAE04EC0-301F-11D3-BF4B-00C04F79EFBC}") = "Core", "Core\Core.csproj", "{42517307-4C17-4FEB-B72B-960B300359F6}"
EndProject
Global
	GlobalSection(SolutionConfigurationPlatforms) = preSolution
		Debug|Any CPU = Debug|Any CPU
		Release|Any CPU = Release|Any CPU
	EndGlobalSection
	GlobalSection(ProjectConfigurationPlatforms) = postSolution
		{91D48678-358A-478C-9B3E-C50453C9049F}.Debug|Any CPU.ActiveCfg = Debug|Any CPU
		{91D48678-358A-478C-9B3E-C50453C9049F}.Debug|Any CPU.Build.0 = Debug|Any CPU
		{91D48678-358A-478C-9B3E-C50453C9049F}.Release|Any CPU.ActiveCfg = Release|Any CPU
		{91D48678-358A-478C-9B3E-C50453C9049F}.Release|Any CPU.Build.0 = Release|Any CPU
		{19820BEE-1188-489B-A52C-ECEB2599F532}.Debug|Any CPU.ActiveCfg = Debug|Any CPU
		{19820BEE-1188-489B-A52C-ECEB2599F532}.Debug|Any CPU.Build.0 = Debug|Any CPU
		{19820BEE-1188-489B-A52C-ECEB2599F532}.Release|Any CPU.ActiveCfg = Release|Any CPU
		{19820BEE-1188-489B-A52C-ECEB2599F532}.Release|Any CPU.Build.0 = Release|Any CPU
		{179299D4-A871-48DB-8D23-D55335CA918D}.Debug|Any CPU.ActiveCfg = Debug|Any CPU
		{179299D4-A871-48DB-8D23-D55335CA918D}.Debug|Any CPU.Build.0 = Debug|Any CPU
		{179299D4-A871-48DB-8D23-D55335CA918D}.Release|Any CPU.ActiveCfg = Release|Any CPU
		{179299D4-A871-48DB-8D23-D55335CA918D}.Release|Any CPU.Build.0 = Release|Any CPU
		{D817AADE-4255-437A-9BD2-E9D217F49FC1}.Debug|Any CPU.ActiveCfg = Debug|Any CPU
		{D817AADE-4255-437A-9BD2-E9D217F49FC1}.Debug|Any CPU.Build.0 = Debug|Any CPU
		{D817AADE-4255-437A-9BD2-E9D217F49FC1}.Release|Any CPU.ActiveCfg = Release|Any CPU
		{D817AADE-4255-437A-9BD2-E9D217F49FC1}.Release|Any CPU.Build.0 = Release|Any CPU
		{42517307-4C17-4FEB-B72B-960B300359F6}.Debug|Any CPU.ActiveCfg = Debug|Any CPU
		{42517307-4C17-4FEB-B72B-960B300359F6}.Debug|Any CPU.Build.0 = Debug|Any CPU
		{42517307-4C17-4FEB-B72B-960B300359F6}.Release|Any CPU.ActiveCfg = Release|Any CPU
		{42517307-4C17-4FEB-B72B-960B300359F6}.Release|Any CPU.Build.0 = Release|Any CPU
	EndGlobalSection
	GlobalSection(SolutionProperties) = preSolution
		HideSolutionNode = FALSE
	EndGlobalSection
	GlobalSection(ExtensibilityGlobals) = postSolution
		SolutionGuid = {40ADCB87-71CD-4D3E-B6CC-90E418C7378C}
	EndGlobalSection
EndGlobal
